// !$*UTF8*$!
{
	archiveVersion = 1;
	classes = {
	};
	objectVersion = 50;
	objects = {

/* Begin PBXBuildFile section */
		A069EAB520D224EADD7894DF /* libPods-FlixFinder.a in Frameworks */ = {isa = PBXBuildFile; fileRef = 93FFDB62E8E70ED6CC1162BB /* libPods-FlixFinder.a */; };
		BEEF6A3920E4014A001DEC97 /* AppDelegate.m in Sources */ = {isa = PBXBuildFile; fileRef = BEEF6A3820E4014A001DEC97 /* AppDelegate.m */; };
		BEEF6A3F20E4014A001DEC97 /* Main.storyboard in Resources */ = {isa = PBXBuildFile; fileRef = BEEF6A3D20E4014A001DEC97 /* Main.storyboard */; };
		BEEF6A4120E4014B001DEC97 /* Assets.xcassets in Resources */ = {isa = PBXBuildFile; fileRef = BEEF6A4020E4014B001DEC97 /* Assets.xcassets */; };
		BEEF6A4420E4014B001DEC97 /* LaunchScreen.storyboard in Resources */ = {isa = PBXBuildFile; fileRef = BEEF6A4220E4014B001DEC97 /* LaunchScreen.storyboard */; };
		BEEF6A4720E4014B001DEC97 /* main.m in Sources */ = {isa = PBXBuildFile; fileRef = BEEF6A4620E4014B001DEC97 /* main.m */; };
		BEEF6A4F20E4102E001DEC97 /* MoviesViewController.m in Sources */ = {isa = PBXBuildFile; fileRef = BEEF6A4E20E4102E001DEC97 /* MoviesViewController.m */; };
		BEEF6A8020E452D2001DEC97 /* MovieCell.m in Sources */ = {isa = PBXBuildFile; fileRef = BEEF6A7F20E452D2001DEC97 /* MovieCell.m */; };
		BEEF6A8320E464A1001DEC97 /* DetailsViewController.m in Sources */ = {isa = PBXBuildFile; fileRef = BEEF6A8220E464A1001DEC97 /* DetailsViewController.m */; };
		BEEF6A8620E499C2001DEC97 /* MoviesGridViewController.m in Sources */ = {isa = PBXBuildFile; fileRef = BEEF6A8520E499C2001DEC97 /* MoviesGridViewController.m */; };
		BEEF6A8920E49B41001DEC97 /* MovieCollectionCell.m in Sources */ = {isa = PBXBuildFile; fileRef = BEEF6A8820E49B41001DEC97 /* MovieCollectionCell.m */; };
/* End PBXBuildFile section */

/* Begin PBXFileReference section */
		93FFDB62E8E70ED6CC1162BB /* libPods-FlixFinder.a */ = {isa = PBXFileReference; explicitFileType = archive.ar; includeInIndex = 0; path = "libPods-FlixFinder.a"; sourceTree = BUILT_PRODUCTS_DIR; };
		BEEF6A3420E4014A001DEC97 /* FlixFinder.app */ = {isa = PBXFileReference; explicitFileType = wrapper.application; includeInIndex = 0; path = FlixFinder.app; sourceTree = BUILT_PRODUCTS_DIR; };
		BEEF6A3720E4014A001DEC97 /* AppDelegate.h */ = {isa = PBXFileReference; lastKnownFileType = sourcecode.c.h; path = AppDelegate.h; sourceTree = "<group>"; };
		BEEF6A3820E4014A001DEC97 /* AppDelegate.m */ = {isa = PBXFileReference; lastKnownFileType = sourcecode.c.objc; path = AppDelegate.m; sourceTree = "<group>"; };
		BEEF6A3E20E4014A001DEC97 /* Base */ = {isa = PBXFileReference; lastKnownFileType = file.storyboard; name = Base; path = Base.lproj/Main.storyboard; sourceTree = "<group>"; };
		BEEF6A4020E4014B001DEC97 /* Assets.xcassets */ = {isa = PBXFileReference; lastKnownFileType = folder.assetcatalog; path = Assets.xcassets; sourceTree = "<group>"; };
		BEEF6A4320E4014B001DEC97 /* Base */ = {isa = PBXFileReference; lastKnownFileType = file.storyboard; name = Base; path = Base.lproj/LaunchScreen.storyboard; sourceTree = "<group>"; };
		BEEF6A4520E4014B001DEC97 /* Info.plist */ = {isa = PBXFileReference; lastKnownFileType = text.plist.xml; path = Info.plist; sourceTree = "<group>"; };
		BEEF6A4620E4014B001DEC97 /* main.m */ = {isa = PBXFileReference; lastKnownFileType = sourcecode.c.objc; path = main.m; sourceTree = "<group>"; };
		BEEF6A4D20E4102E001DEC97 /* MoviesViewController.h */ = {isa = PBXFileReference; lastKnownFileType = sourcecode.c.h; path = MoviesViewController.h; sourceTree = "<group>"; };
		BEEF6A4E20E4102E001DEC97 /* MoviesViewController.m */ = {isa = PBXFileReference; lastKnownFileType = sourcecode.c.objc; path = MoviesViewController.m; sourceTree = "<group>"; };
		BEEF6A7E20E452D2001DEC97 /* MovieCell.h */ = {isa = PBXFileReference; lastKnownFileType = sourcecode.c.h; path = MovieCell.h; sourceTree = "<group>"; };
		BEEF6A7F20E452D2001DEC97 /* MovieCell.m */ = {isa = PBXFileReference; lastKnownFileType = sourcecode.c.objc; path = MovieCell.m; sourceTree = "<group>"; };
		BEEF6A8120E464A1001DEC97 /* DetailsViewController.h */ = {isa = PBXFileReference; lastKnownFileType = sourcecode.c.h; path = DetailsViewController.h; sourceTree = "<group>"; };
		BEEF6A8220E464A1001DEC97 /* DetailsViewController.m */ = {isa = PBXFileReference; lastKnownFileType = sourcecode.c.objc; path = DetailsViewController.m; sourceTree = "<group>"; };
		BEEF6A8420E499C2001DEC97 /* MoviesGridViewController.h */ = {isa = PBXFileReference; lastKnownFileType = sourcecode.c.h; path = MoviesGridViewController.h; sourceTree = "<group>"; };
		BEEF6A8520E499C2001DEC97 /* MoviesGridViewController.m */ = {isa = PBXFileReference; lastKnownFileType = sourcecode.c.objc; path = MoviesGridViewController.m; sourceTree = "<group>"; };
		BEEF6A8720E49B41001DEC97 /* MovieCollectionCell.h */ = {isa = PBXFileReference; lastKnownFileType = sourcecode.c.h; path = MovieCollectionCell.h; sourceTree = "<group>"; };
		BEEF6A8820E49B41001DEC97 /* MovieCollectionCell.m */ = {isa = PBXFileReference; lastKnownFileType = sourcecode.c.objc; path = MovieCollectionCell.m; sourceTree = "<group>"; };
		DF2575AE3C3833F2EB4661DC /* Pods-FlixFinder.debug.xcconfig */ = {isa = PBXFileReference; includeInIndex = 1; lastKnownFileType = text.xcconfig; name = "Pods-FlixFinder.debug.xcconfig"; path = "Pods/Target Support Files/Pods-FlixFinder/Pods-FlixFinder.debug.xcconfig"; sourceTree = "<group>"; };
		E25087E79818D81503381585 /* Pods-FlixFinder.release.xcconfig */ = {isa = PBXFileReference; includeInIndex = 1; lastKnownFileType = text.xcconfig; name = "Pods-FlixFinder.release.xcconfig"; path = "Pods/Target Support Files/Pods-FlixFinder/Pods-FlixFinder.release.xcconfig"; sourceTree = "<group>"; };
/* End PBXFileReference section */

/* Begin PBXFrameworksBuildPhase section */
		BEEF6A3120E4014A001DEC97 /* Frameworks */ = {
			isa = PBXFrameworksBuildPhase;
			buildActionMask = 2147483647;
			files = (
				A069EAB520D224EADD7894DF /* libPods-FlixFinder.a in Frameworks */,
			);
			runOnlyForDeploymentPostprocessing = 0;
		};
/* End PBXFrameworksBuildPhase section */

/* Begin PBXGroup section */
		7FA9005DF8248338D5864F33 /* Frameworks */ = {
			isa = PBXGroup;
			children = (
				93FFDB62E8E70ED6CC1162BB /* libPods-FlixFinder.a */,
			);
			name = Frameworks;
			sourceTree = "<group>";
		};
		B357C7BB6E3B91F77B0EF1E8 /* Pods */ = {
			isa = PBXGroup;
			children = (
				DF2575AE3C3833F2EB4661DC /* Pods-FlixFinder.debug.xcconfig */,
				E25087E79818D81503381585 /* Pods-FlixFinder.release.xcconfig */,
			);
			name = Pods;
			sourceTree = "<group>";
		};
		BEEF6A2B20E4014A001DEC97 = {
			isa = PBXGroup;
			children = (
				BEEF6A3620E4014A001DEC97 /* FlixFinder */,
				BEEF6A3520E4014A001DEC97 /* Products */,
				B357C7BB6E3B91F77B0EF1E8 /* Pods */,
				7FA9005DF8248338D5864F33 /* Frameworks */,
			);
			sourceTree = "<group>";
		};
		BEEF6A3520E4014A001DEC97 /* Products */ = {
			isa = PBXGroup;
			children = (
				BEEF6A3420E4014A001DEC97 /* FlixFinder.app */,
			);
			name = Products;
			sourceTree = "<group>";
		};
		BEEF6A3620E4014A001DEC97 /* FlixFinder */ = {
			isa = PBXGroup;
			children = (
				BEEF6A5220E4110B001DEC97 /* Views */,
				BEEF6A5120E41103001DEC97 /* View Controllers */,
				BEEF6A5020E410FE001DEC97 /* Models */,
				BEEF6A3720E4014A001DEC97 /* AppDelegate.h */,
				BEEF6A3820E4014A001DEC97 /* AppDelegate.m */,
				BEEF6A3D20E4014A001DEC97 /* Main.storyboard */,
				BEEF6A7E20E452D2001DEC97 /* MovieCell.h */,
				BEEF6A7F20E452D2001DEC97 /* MovieCell.m */,
				BEEF6A4D20E4102E001DEC97 /* MoviesViewController.h */,
				BEEF6A4E20E4102E001DEC97 /* MoviesViewController.m */,
				BEEF6A4020E4014B001DEC97 /* Assets.xcassets */,
				BEEF6A4220E4014B001DEC97 /* LaunchScreen.storyboard */,
				BEEF6A4520E4014B001DEC97 /* Info.plist */,
				BEEF6A4620E4014B001DEC97 /* main.m */,
				BEEF6A8120E464A1001DEC97 /* DetailsViewController.h */,
				BEEF6A8220E464A1001DEC97 /* DetailsViewController.m */,
				BEEF6A8420E499C2001DEC97 /* MoviesGridViewController.h */,
				BEEF6A8520E499C2001DEC97 /* MoviesGridViewController.m */,
				BEEF6A8720E49B41001DEC97 /* MovieCollectionCell.h */,
				BEEF6A8820E49B41001DEC97 /* MovieCollectionCell.m */,
			);
			path = FlixFinder;
			sourceTree = "<group>";
		};
		BEEF6A5020E410FE001DEC97 /* Models */ = {
			isa = PBXGroup;
			children = (
			);
			path = Models;
			sourceTree = "<group>";
		};
		BEEF6A5120E41103001DEC97 /* View Controllers */ = {
			isa = PBXGroup;
			children = (
			);
			path = "View Controllers";
			sourceTree = "<group>";
		};
		BEEF6A5220E4110B001DEC97 /* Views */ = {
			isa = PBXGroup;
			children = (
			);
			path = Views;
			sourceTree = "<group>";
		};
/* End PBXGroup section */

/* Begin PBXNativeTarget section */
		BEEF6A3320E4014A001DEC97 /* FlixFinder */ = {
			isa = PBXNativeTarget;
			buildConfigurationList = BEEF6A4A20E4014B001DEC97 /* Build configuration list for PBXNativeTarget "FlixFinder" */;
			buildPhases = (
				0B8F953F6496E98F92B6D9AC /* [CP] Check Pods Manifest.lock */,
				BEEF6A3020E4014A001DEC97 /* Sources */,
				BEEF6A3120E4014A001DEC97 /* Frameworks */,
				BEEF6A3220E4014A001DEC97 /* Resources */,
			);
			buildRules = (
			);
			dependencies = (
			);
			name = FlixFinder;
			productName = FlixFinder;
			productReference = BEEF6A3420E4014A001DEC97 /* FlixFinder.app */;
			productType = "com.apple.product-type.application";
		};
/* End PBXNativeTarget section */

/* Begin PBXProject section */
		BEEF6A2C20E4014A001DEC97 /* Project object */ = {
			isa = PBXProject;
			attributes = {
				LastUpgradeCheck = 0940;
				ORGANIZATIONNAME = "Riley Schnee";
				TargetAttributes = {
					BEEF6A3320E4014A001DEC97 = {
						CreatedOnToolsVersion = 9.4.1;
					};
				};
			};
			buildConfigurationList = BEEF6A2F20E4014A001DEC97 /* Build configuration list for PBXProject "FlixFinder" */;
			compatibilityVersion = "Xcode 9.3";
			developmentRegion = en;
			hasScannedForEncodings = 0;
			knownRegions = (
				en,
				Base,
			);
			mainGroup = BEEF6A2B20E4014A001DEC97;
			productRefGroup = BEEF6A3520E4014A001DEC97 /* Products */;
			projectDirPath = "";
			projectRoot = "";
			targets = (
				BEEF6A3320E4014A001DEC97 /* FlixFinder */,
			);
		};
/* End PBXProject section */

/* Begin PBXResourcesBuildPhase section */
		BEEF6A3220E4014A001DEC97 /* Resources */ = {
			isa = PBXResourcesBuildPhase;
			buildActionMask = 2147483647;
			files = (
				BEEF6A4420E4014B001DEC97 /* LaunchScreen.storyboard in Resources */,
				BEEF6A4120E4014B001DEC97 /* Assets.xcassets in Resources */,
				BEEF6A3F20E4014A001DEC97 /* Main.storyboard in Resources */,
			);
			runOnlyForDeploymentPostprocessing = 0;
		};
/* End PBXResourcesBuildPhase section */

/* Begin PBXShellScriptBuildPhase section */
		0B8F953F6496E98F92B6D9AC /* [CP] Check Pods Manifest.lock */ = {
			isa = PBXShellScriptBuildPhase;
			buildActionMask = 2147483647;
			files = (
			);
			inputPaths = (
				"${PODS_PODFILE_DIR_PATH}/Podfile.lock",
				"${PODS_ROOT}/Manifest.lock",
			);
			name = "[CP] Check Pods Manifest.lock";
			outputPaths = (
				"$(DERIVED_FILE_DIR)/Pods-FlixFinder-checkManifestLockResult.txt",
			);
			runOnlyForDeploymentPostprocessing = 0;
			shellPath = /bin/sh;
			shellScript = "diff \"${PODS_PODFILE_DIR_PATH}/Podfile.lock\" \"${PODS_ROOT}/Manifest.lock\" > /dev/null\nif [ $? != 0 ] ; then\n    # print error to STDERR\n    echo \"error: The sandbox is not in sync with the Podfile.lock. Run 'pod install' or update your CocoaPods installation.\" >&2\n    exit 1\nfi\n# This output is used by Xcode 'outputs' to avoid re-running this script phase.\necho \"SUCCESS\" > \"${SCRIPT_OUTPUT_FILE_0}\"\n";
			showEnvVarsInLog = 0;
		};
/* End PBXShellScriptBuildPhase section */

/* Begin PBXSourcesBuildPhase section */
		BEEF6A3020E4014A001DEC97 /* Sources */ = {
			isa = PBXSourcesBuildPhase;
			buildActionMask = 2147483647;
			files = (
				BEEF6A4720E4014B001DEC97 /* main.m in Sources */,
				BEEF6A8320E464A1001DEC97 /* DetailsViewController.m in Sources */,
				BEEF6A3920E4014A001DEC97 /* AppDelegate.m in Sources */,
				BEEF6A8920E49B41001DEC97 /* MovieCollectionCell.m in Sources */,
				BEEF6A8020E452D2001DEC97 /* MovieCell.m in Sources */,
				BEEF6A4F20E4102E001DEC97 /* MoviesViewController.m in Sources */,
				BEEF6A8620E499C2001DEC97 /* MoviesGridViewController.m in Sources */,
			);
			runOnlyForDeploymentPostprocessing = 0;
		};
/* End PBXSourcesBuildPhase section */

/* Begin PBXVariantGroup section */
		BEEF6A3D20E4014A001DEC97 /* Main.storyboard */ = {
			isa = PBXVariantGroup;
			children = (
				BEEF6A3E20E4014A001DEC97 /* Base */,
			);
			name = Main.storyboard;
			sourceTree = "<group>";
		};
		BEEF6A4220E4014B001DEC97 /* LaunchScreen.storyboard */ = {
			isa = PBXVariantGroup;
			children = (
				BEEF6A4320E4014B001DEC97 /* Base */,
			);
			name = LaunchScreen.storyboard;
			sourceTree = "<group>";
		};
/* End PBXVariantGroup section */

/* Begin XCBuildConfiguration section */
		BEEF6A4820E4014B001DEC97 /* Debug */ = {
			isa = XCBuildConfiguration;
			buildSettings = {
				ALWAYS_SEARCH_USER_PATHS = NO;
				CLANG_ANALYZER_NONNULL = YES;
				CLANG_ANALYZER_NUMBER_OBJECT_CONVERSION = YES_AGGRESSIVE;
				CLANG_CXX_LANGUAGE_STANDARD = "gnu++14";
				CLANG_CXX_LIBRARY = "libc++";
				CLANG_ENABLE_MODULES = YES;
				CLANG_ENABLE_OBJC_ARC = YES;
				CLANG_ENABLE_OBJC_WEAK = YES;
				CLANG_WARN_BLOCK_CAPTURE_AUTORELEASING = YES;
				CLANG_WARN_BOOL_CONVERSION = YES;
				CLANG_WARN_COMMA = YES;
				CLANG_WARN_CONSTANT_CONVERSION = YES;
				CLANG_WARN_DEPRECATED_OBJC_IMPLEMENTATIONS = YES;
				CLANG_WARN_DIRECT_OBJC_ISA_USAGE = YES_ERROR;
				CLANG_WARN_DOCUMENTATION_COMMENTS = YES;
				CLANG_WARN_EMPTY_BODY = YES;
				CLANG_WARN_ENUM_CONVERSION = YES;
				CLANG_WARN_INFINITE_RECURSION = YES;
				CLANG_WARN_INT_CONVERSION = YES;
				CLANG_WARN_NON_LITERAL_NULL_CONVERSION = YES;
				CLANG_WARN_OBJC_IMPLICIT_RETAIN_SELF = YES;
				CLANG_WARN_OBJC_LITERAL_CONVERSION = YES;
				CLANG_WARN_OBJC_ROOT_CLASS = YES_ERROR;
				CLANG_WARN_RANGE_LOOP_ANALYSIS = YES;
				CLANG_WARN_STRICT_PROTOTYPES = YES;
				CLANG_WARN_SUSPICIOUS_MOVE = YES;
				CLANG_WARN_UNGUARDED_AVAILABILITY = YES_AGGRESSIVE;
				CLANG_WARN_UNREACHABLE_CODE = YES;
				CLANG_WARN__DUPLICATE_METHOD_MATCH = YES;
				CODE_SIGN_IDENTITY = "iPhone Developer";
				COPY_PHASE_STRIP = NO;
				DEBUG_INFORMATION_FORMAT = dwarf;
				ENABLE_STRICT_OBJC_MSGSEND = YES;
				ENABLE_TESTABILITY = YES;
				GCC_C_LANGUAGE_STANDARD = gnu11;
				GCC_DYNAMIC_NO_PIC = NO;
				GCC_NO_COMMON_BLOCKS = YES;
				GCC_OPTIMIZATION_LEVEL = 0;
				GCC_PREPROCESSOR_DEFINITIONS = (
					"DEBUG=1",
					"$(inherited)",
				);
				GCC_WARN_64_TO_32_BIT_CONVERSION = YES;
				GCC_WARN_ABOUT_RETURN_TYPE = YES_ERROR;
				GCC_WARN_UNDECLARED_SELECTOR = YES;
				GCC_WARN_UNINITIALIZED_AUTOS = YES_AGGRESSIVE;
				GCC_WARN_UNUSED_FUNCTION = YES;
				GCC_WARN_UNUSED_VARIABLE = YES;
				IPHONEOS_DEPLOYMENT_TARGET = 11.4;
				MTL_ENABLE_DEBUG_INFO = YES;
				ONLY_ACTIVE_ARCH = YES;
				SDKROOT = iphoneos;
			};
			name = Debug;
		};
		BEEF6A4920E4014B001DEC97 /* Release */ = {
			isa = XCBuildConfiguration;
			buildSettings = {
				ALWAYS_SEARCH_USER_PATHS = NO;
				CLANG_ANALYZER_NONNULL = YES;
				CLANG_ANALYZER_NUMBER_OBJECT_CONVERSION = YES_AGGRESSIVE;
				CLANG_CXX_LANGUAGE_STANDARD = "gnu++14";
				CLANG_CXX_LIBRARY = "libc++";
				CLANG_ENABLE_MODULES = YES;
				CLANG_ENABLE_OBJC_ARC = YES;
				CLANG_ENABLE_OBJC_WEAK = YES;
				CLANG_WARN_BLOCK_CAPTURE_AUTORELEASING = YES;
				CLANG_WARN_BOOL_CONVERSION = YES;
				CLANG_WARN_COMMA = YES;
				CLANG_WARN_CONSTANT_CONVERSION = YES;
				CLANG_WARN_DEPRECATED_OBJC_IMPLEMENTATIONS = YES;
				CLANG_WARN_DIRECT_OBJC_ISA_USAGE = YES_ERROR;
				CLANG_WARN_DOCUMENTATION_COMMENTS = YES;
				CLANG_WARN_EMPTY_BODY = YES;
				CLANG_WARN_ENUM_CONVERSION = YES;
				CLANG_WARN_INFINITE_RECURSION = YES;
				CLANG_WARN_INT_CONVERSION = YES;
				CLANG_WARN_NON_LITERAL_NULL_CONVERSION = YES;
				CLANG_WARN_OBJC_IMPLICIT_RETAIN_SELF = YES;
				CLANG_WARN_OBJC_LITERAL_CONVERSION = YES;
				CLANG_WARN_OBJC_ROOT_CLASS = YES_ERROR;
				CLANG_WARN_RANGE_LOOP_ANALYSIS = YES;
				CLANG_WARN_STRICT_PROTOTYPES = YES;
				CLANG_WARN_SUSPICIOUS_MOVE = YES;
				CLANG_WARN_UNGUARDED_AVAILABILITY = YES_AGGRESSIVE;
				CLANG_WARN_UNREACHABLE_CODE = YES;
				CLANG_WARN__DUPLICATE_METHOD_MATCH = YES;
				CODE_SIGN_IDENTITY = "iPhone Developer";
				COPY_PHASE_STRIP = NO;
				DEBUG_INFORMATION_FORMAT = "dwarf-with-dsym";
				ENABLE_NS_ASSERTIONS = NO;
				ENABLE_STRICT_OBJC_MSGSEND = YES;
				GCC_C_LANGUAGE_STANDARD = gnu11;
				GCC_NO_COMMON_BLOCKS = YES;
				GCC_WARN_64_TO_32_BIT_CONVERSION = YES;
				GCC_WARN_ABOUT_RETURN_TYPE = YES_ERROR;
				GCC_WARN_UNDECLARED_SELECTOR = YES;
				GCC_WARN_UNINITIALIZED_AUTOS = YES_AGGRESSIVE;
				GCC_WARN_UNUSED_FUNCTION = YES;
				GCC_WARN_UNUSED_VARIABLE = YES;
				IPHONEOS_DEPLOYMENT_TARGET = 11.4;
				MTL_ENABLE_DEBUG_INFO = NO;
				SDKROOT = iphoneos;
				VALIDATE_PRODUCT = YES;
			};
			name = Release;
		};
		BEEF6A4B20E4014B001DEC97 /* Debug */ = {
			isa = XCBuildConfiguration;
			baseConfigurationReference = DF2575AE3C3833F2EB4661DC /* Pods-FlixFinder.debug.xcconfig */;
			buildSettings = {
				ASSETCATALOG_COMPILER_APPICON_NAME = AppIcon;
				CODE_SIGN_STYLE = Automatic;
				DEVELOPMENT_TEAM = 8E3CSXA9JT;
				INFOPLIST_FILE = FlixFinder/Info.plist;
				LD_RUNPATH_SEARCH_PATHS = (
					"$(inherited)",
					"@executable_path/Frameworks",
				);
				PRODUCT_BUNDLE_IDENTIFIER = rileyschnee.FlixFinder;
				PRODUCT_NAME = "$(TARGET_NAME)";
				TARGETED_DEVICE_FAMILY = "1,2";
			};
			name = Debug;
		};
		BEEF6A4C20E4014B001DEC97 /* Release */ = {
			isa = XCBuildConfiguration;
			baseConfigurationReference = E25087E79818D81503381585 /* Pods-FlixFinder.release.xcconfig */;
			buildSettings = {
				ASSETCATALOG_COMPILER_APPICON_NAME = AppIcon;
				CODE_SIGN_STYLE = Automatic;
				DEVELOPMENT_TEAM = 8E3CSXA9JT;
				INFOPLIST_FILE = FlixFinder/Info.plist;
				LD_RUNPATH_SEARCH_PATHS = (
					"$(inherited)",
					"@executable_path/Frameworks",
				);
				PRODUCT_BUNDLE_IDENTIFIER = rileyschnee.FlixFinder;
				PRODUCT_NAME = "$(TARGET_NAME)";
				TARGETED_DEVICE_FAMILY = "1,2";
			};
			name = Release;
		};
/* End XCBuildConfiguration section */

/* Begin XCConfigurationList section */
		BEEF6A2F20E4014A001DEC97 /* Build configuration list for PBXProject "FlixFinder" */ = {
			isa = XCConfigurationList;
			buildConfigurations = (
				BEEF6A4820E4014B001DEC97 /* Debug */,
				BEEF6A4920E4014B001DEC97 /* Release */,
			);
			defaultConfigurationIsVisible = 0;
			defaultConfigurationName = Release;
		};
		BEEF6A4A20E4014B001DEC97 /* Build configuration list for PBXNativeTarget "FlixFinder" */ = {
			isa = XCConfigurationList;
			buildConfigurations = (
				BEEF6A4B20E4014B001DEC97 /* Debug */,
				BEEF6A4C20E4014B001DEC97 /* Release */,
			);
			defaultConfigurationIsVisible = 0;
			defaultConfigurationName = Release;
		};
/* End XCConfigurationList section */
	};
	rootObject = BEEF6A2C20E4014A001DEC97 /* Project object */;
}
